<?xml version="1.0" encoding="utf-8"?>
<Project ToolsVersion="4.0" xmlns="http://schemas.microsoft.com/developer/msbuild/2003">
  <ItemGroup>
    <Filter Include="Windows">
      <UniqueIdentifier>{91080bfd-8ed7-4807-a618-3d9347715ee3}</UniqueIdentifier>
    </Filter>
    <Filter Include="Source">
      <UniqueIdentifier>{ffc9fbfe-b203-41ca-86b4-6c3cc38ebb93}</UniqueIdentifier>
    </Filter>
  </ItemGroup>
  <ItemGroup>
    <ClInclude Include="framework.h">
      <Filter>Windows</Filter>
    </ClInclude>
    <ClInclude Include="imconfig.h">
      <Filter>Source</Filter>
    </ClInclude>
    <ClInclude Include="imgui.h">
      <Filter>Source</Filter>
    </ClInclude>
    <ClInclude Include="imgui_impl_dx11.h">
      <Filter>Source</Filter>
    </ClInclude>
    <ClInclude Include="imgui_impl_win32.h">
      <Filter>Source</Filter>
    </ClInclude>
    <ClInclude Include="imgui_internal.h">
      <Filter>Source</Filter>
    </ClInclude>
    <ClInclude Include="imstb_rectpack.h">
      <Filter>Source</Filter>
    </ClInclude>
    <ClInclude Include="imstb_textedit.h">
      <Filter>Source</Filter>
    </ClInclude>
    <ClInclude Include="imstb_truetype.h">
      <Filter>Source</Filter>
    </ClInclude>
    <ClInclude Include="imgui_filter.h">
      <Filter>Source</Filter>
    </ClInclude>
    <ClInclude Include="imgui_combo_filter.h">
      <Filter>Source</Filter>
    </ClInclude>
  </ItemGroup>
  <ItemGroup>
    <ClCompile Include="imgui.cpp">
      <Filter>Source</Filter>
    </ClCompile>
    <ClCompile Include="imgui_demo.cpp">
      <Filter>Source</Filter>
    </ClCompile>
    <ClCompile Include="imgui_draw.cpp">
      <Filter>Source</Filter>
    </ClCompile>
    <ClCompile Include="imgui_impl_dx11.cpp">
      <Filter>Source</Filter>
    </ClCompile>
    <ClCompile Include="imgui_impl_win32.cpp">
      <Filter>Source</Filter>
    </ClCompile>
    <ClCompile Include="imgui_tables.cpp">
      <Filter>Source</Filter>
    </ClCompile>
    <ClCompile Include="imgui_widgets.cpp">
      <Filter>Source</Filter>
    </ClCompile>
    <ClCompile Include="imgui_filter.cpp">
      <Filter>Source</Filter>
    </ClCompile>
    <ClCompile Include="imgui_combo_filter.cpp">
      <Filter>Source</Filter>
    </ClCompile>
  </ItemGroup>
</Project>